
Microsoft Visual Studio Solution File, Format Version 12.00
# Visual Studio Version 17
VisualStudioVersion = 17.7.34024.191
MinimumVisualStudioVersion = 10.0.40219.1
Project("{FAE04EC0-301F-11D3-BF4B-00C04F79EFBC}") = "WebCrudAPI", "WebCrudAPI\WebCrudAPI.csproj", "{A3B0CADC-F8D1-4F42-B59E-5401BAC4501E}"
EndProject
Project("{FAE04EC0-301F-11D3-BF4B-00C04F79EFBC}") = "Domain", "Domain\Domain.csproj", "{CC482FF0-361A-454F-A037-F5492324B0E2}"
EndProject
Project("{FAE04EC0-301F-11D3-BF4B-00C04F79EFBC}") = "Infrastructure", "Infrastructure\Infrastructure.csproj", "{9BF2559E-5987-43CB-BFA7-E2A2E5B36AEB}"
EndProject
Global
	GlobalSection(SolutionConfigurationPlatforms) = preSolution
		Debug|Any CPU = Debug|Any CPU
		Release|Any CPU = Release|Any CPU
	EndGlobalSection
	GlobalSection(ProjectConfigurationPlatforms) = postSolution
		{A3B0CADC-F8D1-4F42-B59E-5401BAC4501E}.Debug|Any CPU.ActiveCfg = Debug|Any CPU
		{A3B0CADC-F8D1-4F42-B59E-5401BAC4501E}.Debug|Any CPU.Build.0 = Debug|Any CPU
		{A3B0CADC-F8D1-4F42-B59E-5401BAC4501E}.Release|Any CPU.ActiveCfg = Release|Any CPU
		{A3B0CADC-F8D1-4F42-B59E-5401BAC4501E}.Release|Any CPU.Build.0 = Release|Any CPU
		{CC482FF0-361A-454F-A037-F5492324B0E2}.Debug|Any CPU.ActiveCfg = Debug|Any CPU
		{CC482FF0-361A-454F-A037-F5492324B0E2}.Debug|Any CPU.Build.0 = Debug|Any CPU
		{CC482FF0-361A-454F-A037-F5492324B0E2}.Release|Any CPU.ActiveCfg = Release|Any CPU
		{CC482FF0-361A-454F-A037-F5492324B0E2}.Release|Any CPU.Build.0 = Release|Any CPU
		{9BF2559E-5987-43CB-BFA7-E2A2E5B36AEB}.Debug|Any CPU.ActiveCfg = Debug|Any CPU
		{9BF2559E-5987-43CB-BFA7-E2A2E5B36AEB}.Debug|Any CPU.Build.0 = Debug|Any CPU
		{9BF2559E-5987-43CB-BFA7-E2A2E5B36AEB}.Release|Any CPU.ActiveCfg = Release|Any CPU
		{9BF2559E-5987-43CB-BFA7-E2A2E5B36AEB}.Release|Any CPU.Build.0 = Release|Any CPU
	EndGlobalSection
	GlobalSection(SolutionProperties) = preSolution
		HideSolutionNode = FALSE
	EndGlobalSection
	GlobalSection(ExtensibilityGlobals) = postSolution
		SolutionGuid = {EF8BA542-FBC0-4E69-BB3D-1BCE6394D8E7}
	EndGlobalSection
EndGlobal
